// !$*UTF8*$!
{
	archiveVersion = 1;
	classes = {
	};
	objectVersion = 55;
	objects = {

/* Begin PBXBuildFile section */
		BB633CE8271ECBAC003274C5 /* RestartApp.swift in Sources */ = {isa = PBXBuildFile; fileRef = BB633CE7271ECBAC003274C5 /* RestartApp.swift */; };
		BB633CEA271ECBAC003274C5 /* ContentView.swift in Sources */ = {isa = PBXBuildFile; fileRef = BB633CE9271ECBAC003274C5 /* ContentView.swift */; };
		BB633CEC271ECBAE003274C5 /* Assets.xcassets in Resources */ = {isa = PBXBuildFile; fileRef = BB633CEB271ECBAE003274C5 /* Assets.xcassets */; };
		BB633CEF271ECBAE003274C5 /* Preview Assets.xcassets in Resources */ = {isa = PBXBuildFile; fileRef = BB633CEE271ECBAE003274C5 /* Preview Assets.xcassets */; };
		BB633D00271ECD89003274C5 /* chimeup.mp3 in Resources */ = {isa = PBXBuildFile; fileRef = BB633CFE271ECD89003274C5 /* chimeup.mp3 */; };
		BB633D01271ECD89003274C5 /* success.m4a in Resources */ = {isa = PBXBuildFile; fileRef = BB633CFF271ECD89003274C5 /* success.m4a */; };
		BB633D09271ED5AE003274C5 /* OnboardingView.swift in Sources */ = {isa = PBXBuildFile; fileRef = BB633D08271ED5AE003274C5 /* OnboardingView.swift */; };
		BB633D0B271ED5BA003274C5 /* HomeView.swift in Sources */ = {isa = PBXBuildFile; fileRef = BB633D0A271ED5BA003274C5 /* HomeView.swift */; };
		BBE8EEA7274E974D00EBE099 /* AudioPlayer.swift in Sources */ = {isa = PBXBuildFile; fileRef = BBE8EEA6274E974D00EBE099 /* AudioPlayer.swift */; };
/* End PBXBuildFile section */

/* Begin PBXFileReference section */
		BB633CE4271ECBAC003274C5 /* Restart.app */ = {isa = PBXFileReference; explicitFileType = wrapper.application; includeInIndex = 0; path = Restart.app; sourceTree = BUILT_PRODUCTS_DIR; };
		BB633CE7271ECBAC003274C5 /* RestartApp.swift */ = {isa = PBXFileReference; lastKnownFileType = sourcecode.swift; path = RestartApp.swift; sourceTree = "<group>"; };
		BB633CE9271ECBAC003274C5 /* ContentView.swift */ = {isa = PBXFileReference; lastKnownFileType = sourcecode.swift; path = ContentView.swift; sourceTree = "<group>"; };
		BB633CEB271ECBAE003274C5 /* Assets.xcassets */ = {isa = PBXFileReference; lastKnownFileType = folder.assetcatalog; path = Assets.xcassets; sourceTree = "<group>"; };
		BB633CEE271ECBAE003274C5 /* Preview Assets.xcassets */ = {isa = PBXFileReference; lastKnownFileType = folder.assetcatalog; path = "Preview Assets.xcassets"; sourceTree = "<group>"; };
		BB633CFE271ECD89003274C5 /* chimeup.mp3 */ = {isa = PBXFileReference; lastKnownFileType = audio.mp3; path = chimeup.mp3; sourceTree = "<group>"; };
		BB633CFF271ECD89003274C5 /* success.m4a */ = {isa = PBXFileReference; lastKnownFileType = file; path = success.m4a; sourceTree = "<group>"; };
		BB633D07271ED4FB003274C5 /* Info.plist */ = {isa = PBXFileReference; lastKnownFileType = text.plist; path = Info.plist; sourceTree = "<group>"; };
		BB633D08271ED5AE003274C5 /* OnboardingView.swift */ = {isa = PBXFileReference; lastKnownFileType = sourcecode.swift; path = OnboardingView.swift; sourceTree = "<group>"; };
		BB633D0A271ED5BA003274C5 /* HomeView.swift */ = {isa = PBXFileReference; lastKnownFileType = sourcecode.swift; path = HomeView.swift; sourceTree = "<group>"; };
		BBE8EEA6274E974D00EBE099 /* AudioPlayer.swift */ = {isa = PBXFileReference; lastKnownFileType = sourcecode.swift; path = AudioPlayer.swift; sourceTree = "<group>"; };
/* End PBXFileReference section */

/* Begin PBXFrameworksBuildPhase section */
		BB633CE1271ECBAC003274C5 /* Frameworks */ = {
			isa = PBXFrameworksBuildPhase;
			buildActionMask = 2147483647;
			files = (
			);
			runOnlyForDeploymentPostprocessing = 0;
		};
/* End PBXFrameworksBuildPhase section */

/* Begin PBXGroup section */
		BB633CDB271ECBAC003274C5 = {
			isa = PBXGroup;
			children = (
				BB633CE6271ECBAC003274C5 /* Restart */,
				BB633CE5271ECBAC003274C5 /* Products */,
			);
			sourceTree = "<group>";
		};
		BB633CE5271ECBAC003274C5 /* Products */ = {
			isa = PBXGroup;
			children = (
				BB633CE4271ECBAC003274C5 /* Restart.app */,
			);
			name = Products;
			sourceTree = "<group>";
		};
		BB633CE6271ECBAC003274C5 /* Restart */ = {
			isa = PBXGroup;
			children = (
				BB633D07271ED4FB003274C5 /* Info.plist */,
				BB633D06271ECED1003274C5 /* Utilities */,
				BB633D05271ECECC003274C5 /* Views */,
				BB633D02271ECD9B003274C5 /* Sounds */,
				BB633CE7271ECBAC003274C5 /* RestartApp.swift */,
				BB633D03271ECEB2003274C5 /* Screens */,
				BB633CEB271ECBAE003274C5 /* Assets.xcassets */,
				BB633CED271ECBAE003274C5 /* Preview Content */,
			);
			path = Restart;
			sourceTree = "<group>";
		};
		BB633CED271ECBAE003274C5 /* Preview Content */ = {
			isa = PBXGroup;
			children = (
				BB633CEE271ECBAE003274C5 /* Preview Assets.xcassets */,
			);
			path = "Preview Content";
			sourceTree = "<group>";
		};
		BB633D02271ECD9B003274C5 /* Sounds */ = {
			isa = PBXGroup;
			children = (
				BB633CFE271ECD89003274C5 /* chimeup.mp3 */,
				BB633CFF271ECD89003274C5 /* success.m4a */,
			);
			path = Sounds;
			sourceTree = "<group>";
		};
		BB633D03271ECEB2003274C5 /* Screens */ = {
			isa = PBXGroup;
			children = (
				BB633CE9271ECBAC003274C5 /* ContentView.swift */,
				BB633D08271ED5AE003274C5 /* OnboardingView.swift */,
				BB633D0A271ED5BA003274C5 /* HomeView.swift */,
			);
			path = Screens;
			sourceTree = "<group>";
		};
		BB633D05271ECECC003274C5 /* Views */ = {
			isa = PBXGroup;
			children = (
			);
			path = Views;
			sourceTree = "<group>";
		};
		BB633D06271ECED1003274C5 /* Utilities */ = {
			isa = PBXGroup;
			children = (
				BBE8EEA6274E974D00EBE099 /* AudioPlayer.swift */,
			);
			path = Utilities;
			sourceTree = "<group>";
		};
/* End PBXGroup section */

/* Begin PBXNativeTarget section */
		BB633CE3271ECBAC003274C5 /* Restart */ = {
			isa = PBXNativeTarget;
			buildConfigurationList = BB633CF2271ECBAE003274C5 /* Build configuration list for PBXNativeTarget "Restart" */;
			buildPhases = (
				BB633CE0271ECBAC003274C5 /* Sources */,
				BB633CE1271ECBAC003274C5 /* Frameworks */,
				BB633CE2271ECBAC003274C5 /* Resources */,
			);
			buildRules = (
			);
			dependencies = (
			);
			name = Restart;
			productName = Restart;
			productReference = BB633CE4271ECBAC003274C5 /* Restart.app */;
			productType = "com.apple.product-type.application";
		};
/* End PBXNativeTarget section */

/* Begin PBXProject section */
		BB633CDC271ECBAC003274C5 /* Project object */ = {
			isa = PBXProject;
			attributes = {
				BuildIndependentTargetsInParallel = 1;
				LastSwiftUpdateCheck = 1300;
				LastUpgradeCheck = 1300;
				TargetAttributes = {
					BB633CE3271ECBAC003274C5 = {
						CreatedOnToolsVersion = 13.0;
					};
				};
			};
			buildConfigurationList = BB633CDF271ECBAC003274C5 /* Build configuration list for PBXProject "Restart" */;
			compatibilityVersion = "Xcode 13.0";
			developmentRegion = en;
			hasScannedForEncodings = 0;
			knownRegions = (
				en,
				Base,
			);
			mainGroup = BB633CDB271ECBAC003274C5;
			productRefGroup = BB633CE5271ECBAC003274C5 /* Products */;
			projectDirPath = "";
			projectRoot = "";
			targets = (
				BB633CE3271ECBAC003274C5 /* Restart */,
			);
		};
/* End PBXProject section */

/* Begin PBXResourcesBuildPhase section */
		BB633CE2271ECBAC003274C5 /* Resources */ = {
			isa = PBXResourcesBuildPhase;
			buildActionMask = 2147483647;
			files = (
				BB633D01271ECD89003274C5 /* success.m4a in Resources */,
				BB633D00271ECD89003274C5 /* chimeup.mp3 in Resources */,
				BB633CEF271ECBAE003274C5 /* Preview Assets.xcassets in Resources */,
				BB633CEC271ECBAE003274C5 /* Assets.xcassets in Resources */,
			);
			runOnlyForDeploymentPostprocessing = 0;
		};
/* End PBXResourcesBuildPhase section */

/* Begin PBXSourcesBuildPhase section */
		BB633CE0271ECBAC003274C5 /* Sources */ = {
			isa = PBXSourcesBuildPhase;
			buildActionMask = 2147483647;
			files = (
				BB633D09271ED5AE003274C5 /* OnboardingView.swift in Sources */,
				BB633D0B271ED5BA003274C5 /* HomeView.swift in Sources */,
				BBE8EEA7274E974D00EBE099 /* AudioPlayer.swift in Sources */,
				BB633CEA271ECBAC003274C5 /* ContentView.swift in Sources */,
				BB633CE8271ECBAC003274C5 /* RestartApp.swift in Sources */,
			);
			runOnlyForDeploymentPostprocessing = 0;
		};
/* End PBXSourcesBuildPhase section */

/* Begin XCBuildConfiguration section */
		BB633CF0271ECBAE003274C5 /* Debug */ = {
			isa = XCBuildConfiguration;
			buildSettings = {
				ALWAYS_SEARCH_USER_PATHS = NO;
				CLANG_ANALYZER_NONNULL = YES;
				CLANG_ANALYZER_NUMBER_OBJECT_CONVERSION = YES_AGGRESSIVE;
				CLANG_CXX_LANGUAGE_STANDARD = "gnu++17";
				CLANG_CXX_LIBRARY = "libc++";
				CLANG_ENABLE_MODULES = YES;
				CLANG_ENABLE_OBJC_ARC = YES;
				CLANG_ENABLE_OBJC_WEAK = YES;
				CLANG_WARN_BLOCK_CAPTURE_AUTORELEASING = YES;
				CLANG_WARN_BOOL_CONVERSION = YES;
				CLANG_WARN_COMMA = YES;
				CLANG_WARN_CONSTANT_CONVERSION = YES;
				CLANG_WARN_DEPRECATED_OBJC_IMPLEMENTATIONS = YES;
				CLANG_WARN_DIRECT_OBJC_ISA_USAGE = YES_ERROR;
				CLANG_WARN_DOCUMENTATION_COMMENTS = YES;
				CLANG_WARN_EMPTY_BODY = YES;
				CLANG_WARN_ENUM_CONVERSION = YES;
				CLANG_WARN_INFINITE_RECURSION = YES;
				CLANG_WARN_INT_CONVERSION = YES;
				CLANG_WARN_NON_LITERAL_NULL_CONVERSION = YES;
				CLANG_WARN_OBJC_IMPLICIT_RETAIN_SELF = YES;
				CLANG_WARN_OBJC_LITERAL_CONVERSION = YES;
				CLANG_WARN_OBJC_ROOT_CLASS = YES_ERROR;
				CLANG_WARN_QUOTED_INCLUDE_IN_FRAMEWORK_HEADER = YES;
				CLANG_WARN_RANGE_LOOP_ANALYSIS = YES;
				CLANG_WARN_STRICT_PROTOTYPES = YES;
				CLANG_WARN_SUSPICIOUS_MOVE = YES;
				CLANG_WARN_UNGUARDED_AVAILABILITY = YES_AGGRESSIVE;
				CLANG_WARN_UNREACHABLE_CODE = YES;
				CLANG_WARN__DUPLICATE_METHOD_MATCH = YES;
				COPY_PHASE_STRIP = NO;
				DEBUG_INFORMATION_FORMAT = dwarf;
				ENABLE_STRICT_OBJC_MSGSEND = YES;
				ENABLE_TESTABILITY = YES;
				GCC_C_LANGUAGE_STANDARD = gnu11;
				GCC_DYNAMIC_NO_PIC = NO;
				GCC_NO_COMMON_BLOCKS = YES;
				GCC_OPTIMIZATION_LEVEL = 0;
				GCC_PREPROCESSOR_DEFINITIONS = (
					"DEBUG=1",
					"$(inherited)",
				);
				GCC_WARN_64_TO_32_BIT_CONVERSION = YES;
				GCC_WARN_ABOUT_RETURN_TYPE = YES_ERROR;
				GCC_WARN_UNDECLARED_SELECTOR = YES;
				GCC_WARN_UNINITIALIZED_AUTOS = YES_AGGRESSIVE;
				GCC_WARN_UNUSED_FUNCTION = YES;
				GCC_WARN_UNUSED_VARIABLE = YES;
				IPHONEOS_DEPLOYMENT_TARGET = 15.0;
				MTL_ENABLE_DEBUG_INFO = INCLUDE_SOURCE;
				MTL_FAST_MATH = YES;
				ONLY_ACTIVE_ARCH = YES;
				SDKROOT = iphoneos;
				SWIFT_ACTIVE_COMPILATION_CONDITIONS = DEBUG;
				SWIFT_OPTIMIZATION_LEVEL = "-Onone";
			};
			name = Debug;
		};
		BB633CF1271ECBAE003274C5 /* Release */ = {
			isa = XCBuildConfiguration;
			buildSettings = {
				ALWAYS_SEARCH_USER_PATHS = NO;
				CLANG_ANALYZER_NONNULL = YES;
				CLANG_ANALYZER_NUMBER_OBJECT_CONVERSION = YES_AGGRESSIVE;
				CLANG_CXX_LANGUAGE_STANDARD = "gnu++17";
				CLANG_CXX_LIBRARY = "libc++";
				CLANG_ENABLE_MODULES = YES;
				CLANG_ENABLE_OBJC_ARC = YES;
				CLANG_ENABLE_OBJC_WEAK = YES;
				CLANG_WARN_BLOCK_CAPTURE_AUTORELEASING = YES;
				CLANG_WARN_BOOL_CONVERSION = YES;
				CLANG_WARN_COMMA = YES;
				CLANG_WARN_CONSTANT_CONVERSION = YES;
				CLANG_WARN_DEPRECATED_OBJC_IMPLEMENTATIONS = YES;
				CLANG_WARN_DIRECT_OBJC_ISA_USAGE = YES_ERROR;
				CLANG_WARN_DOCUMENTATION_COMMENTS = YES;
				CLANG_WARN_EMPTY_BODY = YES;
				CLANG_WARN_ENUM_CONVERSION = YES;
				CLANG_WARN_INFINITE_RECURSION = YES;
				CLANG_WARN_INT_CONVERSION = YES;
				CLANG_WARN_NON_LITERAL_NULL_CONVERSION = YES;
				CLANG_WARN_OBJC_IMPLICIT_RETAIN_SELF = YES;
				CLANG_WARN_OBJC_LITERAL_CONVERSION = YES;
				CLANG_WARN_OBJC_ROOT_CLASS = YES_ERROR;
				CLANG_WARN_QUOTED_INCLUDE_IN_FRAMEWORK_HEADER = YES;
				CLANG_WARN_RANGE_LOOP_ANALYSIS = YES;
				CLANG_WARN_STRICT_PROTOTYPES = YES;
				CLANG_WARN_SUSPICIOUS_MOVE = YES;
				CLANG_WARN_UNGUARDED_AVAILABILITY = YES_AGGRESSIVE;
				CLANG_WARN_UNREACHABLE_CODE = YES;
				CLANG_WARN__DUPLICATE_METHOD_MATCH = YES;
				COPY_PHASE_STRIP = NO;
				DEBUG_INFORMATION_FORMAT = "dwarf-with-dsym";
				ENABLE_NS_ASSERTIONS = NO;
				ENABLE_STRICT_OBJC_MSGSEND = YES;
				GCC_C_LANGUAGE_STANDARD = gnu11;
				GCC_NO_COMMON_BLOCKS = YES;
				GCC_WARN_64_TO_32_BIT_CONVERSION = YES;
				GCC_WARN_ABOUT_RETURN_TYPE = YES_ERROR;
				GCC_WARN_UNDECLARED_SELECTOR = YES;
				GCC_WARN_UNINITIALIZED_AUTOS = YES_AGGRESSIVE;
				GCC_WARN_UNUSED_FUNCTION = YES;
				GCC_WARN_UNUSED_VARIABLE = YES;
				IPHONEOS_DEPLOYMENT_TARGET = 15.0;
				MTL_ENABLE_DEBUG_INFO = NO;
				MTL_FAST_MATH = YES;
				SDKROOT = iphoneos;
				SWIFT_COMPILATION_MODE = wholemodule;
				SWIFT_OPTIMIZATION_LEVEL = "-O";
				VALIDATE_PRODUCT = YES;
			};
			name = Release;
		};
		BB633CF3271ECBAE003274C5 /* Debug */ = {
			isa = XCBuildConfiguration;
			buildSettings = {
				ASSETCATALOG_COMPILER_APPICON_NAME = AppIcon;
				ASSETCATALOG_COMPILER_GLOBAL_ACCENT_COLOR_NAME = AccentColor;
				CODE_SIGN_STYLE = Automatic;
				CURRENT_PROJECT_VERSION = 1;
				DEVELOPMENT_ASSET_PATHS = "\"Restart/Preview Content\"";
				DEVELOPMENT_TEAM = EYSRG3T5ZC;
				ENABLE_PREVIEWS = YES;
				GENERATE_INFOPLIST_FILE = YES;
				INFOPLIST_FILE = Restart/Info.plist;
				INFOPLIST_KEY_UIApplicationSceneManifest_Generation = YES;
				INFOPLIST_KEY_UIApplicationSupportsIndirectInputEvents = YES;
				INFOPLIST_KEY_UISupportedInterfaceOrientations = UIInterfaceOrientationPortrait;
				INFOPLIST_KEY_UISupportedInterfaceOrientations_iPad = "UIInterfaceOrientationPortrait UIInterfaceOrientationPortraitUpsideDown UIInterfaceOrientationLandscapeLeft UIInterfaceOrientationLandscapeRight";
				INFOPLIST_KEY_UISupportedInterfaceOrientations_iPhone = UIInterfaceOrientationPortrait;
				IPHONEOS_DEPLOYMENT_TARGET = 15.0;
				LD_RUNPATH_SEARCH_PATHS = (
					"$(inherited)",
					"@executable_path/Frameworks",
				);
				MARKETING_VERSION = 1.0;
				PRODUCT_BUNDLE_IDENTIFIER = com.hamza.restart.Restart;
				PRODUCT_NAME = "$(TARGET_NAME)";
				SWIFT_EMIT_LOC_STRINGS = YES;
				SWIFT_VERSION = 5.0;
				TARGETED_DEVICE_FAMILY = "1,2";
			};
			name = Debug;
		};
		BB633CF4271ECBAE003274C5 /* Release */ = {
			isa = XCBuildConfiguration;
			buildSettings = {
				ASSETCATALOG_COMPILER_APPICON_NAME = AppIcon;
				ASSETCATALOG_COMPILER_GLOBAL_ACCENT_COLOR_NAME = AccentColor;
				CODE_SIGN_STYLE = Automatic;
				CURRENT_PROJECT_VERSION = 1;
				DEVELOPMENT_ASSET_PATHS = "\"Restart/Preview Content\"";
				DEVELOPMENT_TEAM = EYSRG3T5ZC;
				ENABLE_PREVIEWS = YES;
				GENERATE_INFOPLIST_FILE = YES;
				INFOPLIST_FILE = Restart/Info.plist;
				INFOPLIST_KEY_UIApplicationSceneManifest_Generation = YES;
				INFOPLIST_KEY_UIApplicationSupportsIndirectInputEvents = YES;
				INFOPLIST_KEY_UISupportedInterfaceOrientations = UIInterfaceOrientationPortrait;
				INFOPLIST_KEY_UISupportedInterfaceOrientations_iPad = "UIInterfaceOrientationPortrait UIInterfaceOrientationPortraitUpsideDown UIInterfaceOrientationLandscapeLeft UIInterfaceOrientationLandscapeRight";
				INFOPLIST_KEY_UISupportedInterfaceOrientations_iPhone = UIInterfaceOrientationPortrait;
				IPHONEOS_DEPLOYMENT_TARGET = 15.0;
				LD_RUNPATH_SEARCH_PATHS = (
					"$(inherited)",
					"@executable_path/Frameworks",
				);
				MARKETING_VERSION = 1.0;
				PRODUCT_BUNDLE_IDENTIFIER = com.hamza.restart.Restart;
				PRODUCT_NAME = "$(TARGET_NAME)";
				SWIFT_EMIT_LOC_STRINGS = YES;
				SWIFT_VERSION = 5.0;
				TARGETED_DEVICE_FAMILY = "1,2";
			};
			name = Release;
		};
/* End XCBuildConfiguration section */

/* Begin XCConfigurationList section */
		BB633CDF271ECBAC003274C5 /* Build configuration list for PBXProject "Restart" */ = {
			isa = XCConfigurationList;
			buildConfigurations = (
				BB633CF0271ECBAE003274C5 /* Debug */,
				BB633CF1271ECBAE003274C5 /* Release */,
			);
			defaultConfigurationIsVisible = 0;
			defaultConfigurationName = Release;
		};
		BB633CF2271ECBAE003274C5 /* Build configuration list for PBXNativeTarget "Restart" */ = {
			isa = XCConfigurationList;
			buildConfigurations = (
				BB633CF3271ECBAE003274C5 /* Debug */,
				BB633CF4271ECBAE003274C5 /* Release */,
			);
			defaultConfigurationIsVisible = 0;
			defaultConfigurationName = Release;
		};
/* End XCConfigurationList section */
	};
	rootObject = BB633CDC271ECBAC003274C5 /* Project object */;
}
